
Microsoft Visual Studio Solution File, Format Version 12.00
# Visual Studio Version 16
VisualStudioVersion = 16.0.29728.190
MinimumVisualStudioVersion = 10.0.40219.1
Project("{9A19103F-16F7-4668-BE54-9A1E7A4F7556}") = "Avancerad_Labb", "Avancerad_Labb\Avancerad_Labb.csproj", "{C00F8D21-DA12-4C75-8809-5F910BF4D750}"
EndProject
Project("{FAE04EC0-301F-11D3-BF4B-00C04F79EFBC}") = "Avancerad_Labb.Product.API", "Avancerad_Labb.Product.API\Avancerad_Labb.Product.API.csproj", "{63C3F7E1-96BC-4388-BC77-CDA263E56367}"
EndProject
Project("{FAE04EC0-301F-11D3-BF4B-00C04F79EFBC}") = "Avancerad_Labb.OrderAPI", "Avancerad_Labb.OrderAPI\Avancerad_Labb.OrderAPI.csproj", "{73938808-3B2E-43A0-B426-F0D2B4674A10}"
EndProject
Project("{FAE04EC0-301F-11D3-BF4B-00C04F79EFBC}") = "Avancerad_Labb.ProductTests", "Avancerad_Labb.ProductTests\Avancerad_Labb.ProductTests.csproj", "{360B6813-B382-47BF-92B8-CC338C95A676}"
EndProject
Global
	GlobalSection(SolutionConfigurationPlatforms) = preSolution
		Debug|Any CPU = Debug|Any CPU
		Release|Any CPU = Release|Any CPU
	EndGlobalSection
	GlobalSection(ProjectConfigurationPlatforms) = postSolution
		{C00F8D21-DA12-4C75-8809-5F910BF4D750}.Debug|Any CPU.ActiveCfg = Debug|Any CPU
		{C00F8D21-DA12-4C75-8809-5F910BF4D750}.Debug|Any CPU.Build.0 = Debug|Any CPU
		{C00F8D21-DA12-4C75-8809-5F910BF4D750}.Release|Any CPU.ActiveCfg = Release|Any CPU
		{C00F8D21-DA12-4C75-8809-5F910BF4D750}.Release|Any CPU.Build.0 = Release|Any CPU
		{63C3F7E1-96BC-4388-BC77-CDA263E56367}.Debug|Any CPU.ActiveCfg = Debug|Any CPU
		{63C3F7E1-96BC-4388-BC77-CDA263E56367}.Debug|Any CPU.Build.0 = Debug|Any CPU
		{63C3F7E1-96BC-4388-BC77-CDA263E56367}.Release|Any CPU.ActiveCfg = Release|Any CPU
		{63C3F7E1-96BC-4388-BC77-CDA263E56367}.Release|Any CPU.Build.0 = Release|Any CPU
		{73938808-3B2E-43A0-B426-F0D2B4674A10}.Debug|Any CPU.ActiveCfg = Debug|Any CPU
		{73938808-3B2E-43A0-B426-F0D2B4674A10}.Debug|Any CPU.Build.0 = Debug|Any CPU
		{73938808-3B2E-43A0-B426-F0D2B4674A10}.Release|Any CPU.ActiveCfg = Release|Any CPU
		{73938808-3B2E-43A0-B426-F0D2B4674A10}.Release|Any CPU.Build.0 = Release|Any CPU
		{360B6813-B382-47BF-92B8-CC338C95A676}.Debug|Any CPU.ActiveCfg = Debug|Any CPU
		{360B6813-B382-47BF-92B8-CC338C95A676}.Debug|Any CPU.Build.0 = Debug|Any CPU
		{360B6813-B382-47BF-92B8-CC338C95A676}.Release|Any CPU.ActiveCfg = Release|Any CPU
		{360B6813-B382-47BF-92B8-CC338C95A676}.Release|Any CPU.Build.0 = Release|Any CPU
	EndGlobalSection
	GlobalSection(SolutionProperties) = preSolution
		HideSolutionNode = FALSE
	EndGlobalSection
	GlobalSection(ExtensibilityGlobals) = postSolution
		SolutionGuid = {6FCD91B1-EAC5-462C-B243-CC196FC98AF7}
	EndGlobalSection
EndGlobal
